
Microsoft Visual Studio Solution File, Format Version 12.00
# Visual Studio 15
VisualStudioVersion = 15.0.27428.2027
MinimumVisualStudioVersion = 10.0.40219.1
Project("{FAE04EC0-301F-11D3-BF4B-00C04F79EFBC}") = "BookAPIEF", "BookAPIEF\BookAPIEF.csproj", "{D6B54766-FCEF-479E-8308-1B753E522F45}"
EndProject
Global
	GlobalSection(SolutionConfigurationPlatforms) = preSolution
		Debug|Any CPU = Debug|Any CPU
		Release|Any CPU = Release|Any CPU
	EndGlobalSection
	GlobalSection(ProjectConfigurationPlatforms) = postSolution
		{D6B54766-FCEF-479E-8308-1B753E522F45}.Debug|Any CPU.ActiveCfg = Debug|Any CPU
		{D6B54766-FCEF-479E-8308-1B753E522F45}.Debug|Any CPU.Build.0 = Debug|Any CPU
		{D6B54766-FCEF-479E-8308-1B753E522F45}.Release|Any CPU.ActiveCfg = Release|Any CPU
		{D6B54766-FCEF-479E-8308-1B753E522F45}.Release|Any CPU.Build.0 = Release|Any CPU
	EndGlobalSection
	GlobalSection(SolutionProperties) = preSolution
		HideSolutionNode = FALSE
	EndGlobalSection
	GlobalSection(ExtensibilityGlobals) = postSolution
		SolutionGuid = {C6820ED7-D7D8-4FA8-81AB-1599AB7C9F81}
	EndGlobalSection
EndGlobal
